
Microsoft Visual Studio Solution File, Format Version 12.00
# Visual Studio Version 16
VisualStudioVersion = 16.0.30011.22
MinimumVisualStudioVersion = 10.0.40219.1
Project("{FAE04EC0-301F-11D3-BF4B-00C04F79EFBC}") = "MoviesLab2", "MoviesLab2\MoviesLab2.csproj", "{592AC5B1-4479-4BDC-A885-9DE9C16F0BC5}"
EndProject
Global
	GlobalSection(SolutionConfigurationPlatforms) = preSolution
		Debug|Any CPU = Debug|Any CPU
		Release|Any CPU = Release|Any CPU
	EndGlobalSection
	GlobalSection(ProjectConfigurationPlatforms) = postSolution
		{592AC5B1-4479-4BDC-A885-9DE9C16F0BC5}.Debug|Any CPU.ActiveCfg = Debug|Any CPU
		{592AC5B1-4479-4BDC-A885-9DE9C16F0BC5}.Debug|Any CPU.Build.0 = Debug|Any CPU
		{592AC5B1-4479-4BDC-A885-9DE9C16F0BC5}.Release|Any CPU.ActiveCfg = Release|Any CPU
		{592AC5B1-4479-4BDC-A885-9DE9C16F0BC5}.Release|Any CPU.Build.0 = Release|Any CPU
	EndGlobalSection
	GlobalSection(SolutionProperties) = preSolution
		HideSolutionNode = FALSE
	EndGlobalSection
	GlobalSection(ExtensibilityGlobals) = postSolution
		SolutionGuid = {88DD35E6-4FDB-4494-B173-0E0F22C06F37}
	EndGlobalSection
EndGlobal
